
Microsoft Visual Studio Solution File, Format Version 12.00
# Visual Studio Version 17
VisualStudioVersion = 17.9.34728.123
MinimumVisualStudioVersion = 10.0.40219.1
Project("{9A19103F-16F7-4668-BE54-9A1E7A4F7556}") = "Tobikovo", "Tobikovo\Tobikovo.csproj", "{468468D0-4C94-449C-865D-41DFEB5E273A}"
EndProject
Global
	GlobalSection(SolutionConfigurationPlatforms) = preSolution
		Debug|Any CPU = Debug|Any CPU
		Release|Any CPU = Release|Any CPU
	EndGlobalSection
	GlobalSection(ProjectConfigurationPlatforms) = postSolution
		{468468D0-4C94-449C-865D-41DFEB5E273A}.Debug|Any CPU.ActiveCfg = Debug|Any CPU
		{468468D0-4C94-449C-865D-41DFEB5E273A}.Debug|Any CPU.Build.0 = Debug|Any CPU
		{468468D0-4C94-449C-865D-41DFEB5E273A}.Release|Any CPU.ActiveCfg = Release|Any CPU
		{468468D0-4C94-449C-865D-41DFEB5E273A}.Release|Any CPU.Build.0 = Release|Any CPU
	EndGlobalSection
	GlobalSection(SolutionProperties) = preSolution
		HideSolutionNode = FALSE
	EndGlobalSection
	GlobalSection(ExtensibilityGlobals) = postSolution
		SolutionGuid = {5156FC48-4F35-424C-B357-360F67C81495}
	EndGlobalSection
EndGlobal
